
Microsoft Visual Studio Solution File, Format Version 12.00
# Visual Studio Version 16
VisualStudioVersion = 16.0.31613.86
MinimumVisualStudioVersion = 10.0.40219.1
Project("{FAE04EC0-301F-11D3-BF4B-00C04F79EFBC}") = "gueess_the_number", "gueess_the_number\gueess_the_number.csproj", "{8916A74D-0124-49A4-9DFF-0A1FF628BF95}"
EndProject
Global
	GlobalSection(SolutionConfigurationPlatforms) = preSolution
		Debug|Any CPU = Debug|Any CPU
		Release|Any CPU = Release|Any CPU
	EndGlobalSection
	GlobalSection(ProjectConfigurationPlatforms) = postSolution
		{8916A74D-0124-49A4-9DFF-0A1FF628BF95}.Debug|Any CPU.ActiveCfg = Debug|Any CPU
		{8916A74D-0124-49A4-9DFF-0A1FF628BF95}.Debug|Any CPU.Build.0 = Debug|Any CPU
		{8916A74D-0124-49A4-9DFF-0A1FF628BF95}.Release|Any CPU.ActiveCfg = Release|Any CPU
		{8916A74D-0124-49A4-9DFF-0A1FF628BF95}.Release|Any CPU.Build.0 = Release|Any CPU
	EndGlobalSection
	GlobalSection(SolutionProperties) = preSolution
		HideSolutionNode = FALSE
	EndGlobalSection
	GlobalSection(ExtensibilityGlobals) = postSolution
		SolutionGuid = {ED7B26F8-237F-40AE-9C3D-33C2C2B28F23}
	EndGlobalSection
EndGlobal
